
Microsoft Visual Studio Solution File, Format Version 12.00
# Visual Studio Version 16
VisualStudioVersion = 16.0.31702.278
MinimumVisualStudioVersion = 10.0.40219.1
Project("{FAE04EC0-301F-11D3-BF4B-00C04F79EFBC}") = "Lab1", "Lab1.csproj", "{6E02F06A-92A0-4C42-94BF-FE2A5CA126D8}"
EndProject
Global
	GlobalSection(SolutionConfigurationPlatforms) = preSolution
		Debug|Any CPU = Debug|Any CPU
		Release|Any CPU = Release|Any CPU
	EndGlobalSection
	GlobalSection(ProjectConfigurationPlatforms) = postSolution
		{6E02F06A-92A0-4C42-94BF-FE2A5CA126D8}.Debug|Any CPU.ActiveCfg = Debug|Any CPU
		{6E02F06A-92A0-4C42-94BF-FE2A5CA126D8}.Debug|Any CPU.Build.0 = Debug|Any CPU
		{6E02F06A-92A0-4C42-94BF-FE2A5CA126D8}.Release|Any CPU.ActiveCfg = Release|Any CPU
		{6E02F06A-92A0-4C42-94BF-FE2A5CA126D8}.Release|Any CPU.Build.0 = Release|Any CPU
	EndGlobalSection
	GlobalSection(SolutionProperties) = preSolution
		HideSolutionNode = FALSE
	EndGlobalSection
	GlobalSection(ExtensibilityGlobals) = postSolution
		SolutionGuid = {34EB7EBE-CD9C-4051-8B13-FA85E408DE92}
	EndGlobalSection
EndGlobal
